// !$*UTF8*$!
{
	archiveVersion = 1;
	classes = {
	};
	objectVersion = 55;
	objects = {

/* Begin PBXBuildFile section */
		59182B8528D5B6B400D0E017 /* main.c in Sources */ = {isa = PBXBuildFile; fileRef = 59182B8428D5B6B400D0E017 /* main.c */; };
		597326C828D43FE400C70680 /* main.c in Sources */ = {isa = PBXBuildFile; fileRef = 597326C728D43FE400C70680 /* main.c */; };
		597326D528D4497500C70680 /* main.c in Sources */ = {isa = PBXBuildFile; fileRef = 597326D428D4497500C70680 /* main.c */; };
/* End PBXBuildFile section */

/* Begin PBXCopyFilesBuildPhase section */
		59182B8028D5B6B400D0E017 /* CopyFiles */ = {
			isa = PBXCopyFilesBuildPhase;
			buildActionMask = 2147483647;
			dstPath = /usr/share/man/man1/;
			dstSubfolderSpec = 0;
			files = (
			);
			runOnlyForDeploymentPostprocessing = 1;
		};
		597326C228D43FE400C70680 /* CopyFiles */ = {
			isa = PBXCopyFilesBuildPhase;
			buildActionMask = 2147483647;
			dstPath = /usr/share/man/man1/;
			dstSubfolderSpec = 0;
			files = (
			);
			runOnlyForDeploymentPostprocessing = 1;
		};
		597326D028D4497500C70680 /* CopyFiles */ = {
			isa = PBXCopyFilesBuildPhase;
			buildActionMask = 2147483647;
			dstPath = /usr/share/man/man1/;
			dstSubfolderSpec = 0;
			files = (
			);
			runOnlyForDeploymentPostprocessing = 1;
		};
/* End PBXCopyFilesBuildPhase section */

/* Begin PBXFileReference section */
		59182B8228D5B6B400D0E017 /* reverseOfNumber */ = {isa = PBXFileReference; explicitFileType = "compiled.mach-o.executable"; includeInIndex = 0; path = reverseOfNumber; sourceTree = BUILT_PRODUCTS_DIR; };
		59182B8428D5B6B400D0E017 /* main.c */ = {isa = PBXFileReference; lastKnownFileType = sourcecode.c.c; path = main.c; sourceTree = "<group>"; };
		597326C428D43FE400C70680 /* DS_Questons */ = {isa = PBXFileReference; explicitFileType = "compiled.mach-o.executable"; includeInIndex = 0; path = DS_Questons; sourceTree = BUILT_PRODUCTS_DIR; };
		597326C728D43FE400C70680 /* main.c */ = {isa = PBXFileReference; lastKnownFileType = sourcecode.c.c; path = main.c; sourceTree = "<group>"; };
		597326D228D4497500C70680 /* MinMaxElementInArray */ = {isa = PBXFileReference; explicitFileType = "compiled.mach-o.executable"; includeInIndex = 0; path = MinMaxElementInArray; sourceTree = BUILT_PRODUCTS_DIR; };
		597326D428D4497500C70680 /* main.c */ = {isa = PBXFileReference; lastKnownFileType = sourcecode.c.c; path = main.c; sourceTree = "<group>"; };
/* End PBXFileReference section */

/* Begin PBXFrameworksBuildPhase section */
		59182B7F28D5B6B400D0E017 /* Frameworks */ = {
			isa = PBXFrameworksBuildPhase;
			buildActionMask = 2147483647;
			files = (
			);
			runOnlyForDeploymentPostprocessing = 0;
		};
		597326C128D43FE400C70680 /* Frameworks */ = {
			isa = PBXFrameworksBuildPhase;
			buildActionMask = 2147483647;
			files = (
			);
			runOnlyForDeploymentPostprocessing = 0;
		};
		597326CF28D4497500C70680 /* Frameworks */ = {
			isa = PBXFrameworksBuildPhase;
			buildActionMask = 2147483647;
			files = (
			);
			runOnlyForDeploymentPostprocessing = 0;
		};
/* End PBXFrameworksBuildPhase section */

/* Begin PBXGroup section */
		59182B8328D5B6B400D0E017 /* reverseOfNumber */ = {
			isa = PBXGroup;
			children = (
				59182B8428D5B6B400D0E017 /* main.c */,
			);
			path = reverseOfNumber;
			sourceTree = "<group>";
		};
		597326BB28D43FE400C70680 = {
			isa = PBXGroup;
			children = (
				597326C628D43FE400C70680 /* DS_Questons */,
				597326D328D4497500C70680 /* MinMaxElementInArray */,
				59182B8328D5B6B400D0E017 /* reverseOfNumber */,
				597326C528D43FE400C70680 /* Products */,
			);
			sourceTree = "<group>";
		};
		597326C528D43FE400C70680 /* Products */ = {
			isa = PBXGroup;
			children = (
				597326C428D43FE400C70680 /* DS_Questons */,
				597326D228D4497500C70680 /* MinMaxElementInArray */,
				59182B8228D5B6B400D0E017 /* reverseOfNumber */,
			);
			name = Products;
			sourceTree = "<group>";
		};
		597326C628D43FE400C70680 /* DS_Questons */ = {
			isa = PBXGroup;
			children = (
				597326C728D43FE400C70680 /* main.c */,
			);
			path = DS_Questons;
			sourceTree = "<group>";
		};
		597326D328D4497500C70680 /* MinMaxElementInArray */ = {
			isa = PBXGroup;
			children = (
				597326D428D4497500C70680 /* main.c */,
			);
			path = MinMaxElementInArray;
			sourceTree = "<group>";
		};
/* End PBXGroup section */

/* Begin PBXNativeTarget section */
		59182B8128D5B6B400D0E017 /* reverseOfNumber */ = {
			isa = PBXNativeTarget;
			buildConfigurationList = 59182B8828D5B6B400D0E017 /* Build configuration list for PBXNativeTarget "reverseOfNumber" */;
			buildPhases = (
				59182B7E28D5B6B400D0E017 /* Sources */,
				59182B7F28D5B6B400D0E017 /* Frameworks */,
				59182B8028D5B6B400D0E017 /* CopyFiles */,
			);
			buildRules = (
			);
			dependencies = (
			);
			name = reverseOfNumber;
			productName = reverseOfNumber;
			productReference = 59182B8228D5B6B400D0E017 /* reverseOfNumber */;
			productType = "com.apple.product-type.tool";
		};
		597326C328D43FE400C70680 /* DS_Questons */ = {
			isa = PBXNativeTarget;
			buildConfigurationList = 597326CB28D43FE400C70680 /* Build configuration list for PBXNativeTarget "DS_Questons" */;
			buildPhases = (
				597326C028D43FE400C70680 /* Sources */,
				597326C128D43FE400C70680 /* Frameworks */,
				597326C228D43FE400C70680 /* CopyFiles */,
			);
			buildRules = (
			);
			dependencies = (
			);
			name = DS_Questons;
			productName = DS_Questons;
			productReference = 597326C428D43FE400C70680 /* DS_Questons */;
			productType = "com.apple.product-type.tool";
		};
		597326D128D4497500C70680 /* MinMaxElementInArray */ = {
			isa = PBXNativeTarget;
			buildConfigurationList = 597326D628D4497500C70680 /* Build configuration list for PBXNativeTarget "MinMaxElementInArray" */;
			buildPhases = (
				597326CE28D4497500C70680 /* Sources */,
				597326CF28D4497500C70680 /* Frameworks */,
				597326D028D4497500C70680 /* CopyFiles */,
			);
			buildRules = (
			);
			dependencies = (
			);
			name = MinMaxElementInArray;
			productName = MinMaxElementInArray;
			productReference = 597326D228D4497500C70680 /* MinMaxElementInArray */;
			productType = "com.apple.product-type.tool";
		};
/* End PBXNativeTarget section */

/* Begin PBXProject section */
		597326BC28D43FE400C70680 /* Project object */ = {
			isa = PBXProject;
			attributes = {
				BuildIndependentTargetsInParallel = 1;
				LastUpgradeCheck = 1340;
				TargetAttributes = {
					59182B8128D5B6B400D0E017 = {
						CreatedOnToolsVersion = 13.4.1;
					};
					597326C328D43FE400C70680 = {
						CreatedOnToolsVersion = 13.4.1;
					};
					597326D128D4497500C70680 = {
						CreatedOnToolsVersion = 13.4.1;
					};
				};
			};
			buildConfigurationList = 597326BF28D43FE400C70680 /* Build configuration list for PBXProject "DS_Questons" */;
			compatibilityVersion = "Xcode 13.0";
			developmentRegion = en;
			hasScannedForEncodings = 0;
			knownRegions = (
				en,
				Base,
			);
			mainGroup = 597326BB28D43FE400C70680;
			productRefGroup = 597326C528D43FE400C70680 /* Products */;
			projectDirPath = "";
			projectRoot = "";
			targets = (
				597326C328D43FE400C70680 /* DS_Questons */,
				597326D128D4497500C70680 /* MinMaxElementInArray */,
				59182B8128D5B6B400D0E017 /* reverseOfNumber */,
			);
		};
/* End PBXProject section */

/* Begin PBXSourcesBuildPhase section */
		59182B7E28D5B6B400D0E017 /* Sources */ = {
			isa = PBXSourcesBuildPhase;
			buildActionMask = 2147483647;
			files = (
				59182B8528D5B6B400D0E017 /* main.c in Sources */,
			);
			runOnlyForDeploymentPostprocessing = 0;
		};
		597326C028D43FE400C70680 /* Sources */ = {
			isa = PBXSourcesBuildPhase;
			buildActionMask = 2147483647;
			files = (
				597326C828D43FE400C70680 /* main.c in Sources */,
			);
			runOnlyForDeploymentPostprocessing = 0;
		};
		597326CE28D4497500C70680 /* Sources */ = {
			isa = PBXSourcesBuildPhase;
			buildActionMask = 2147483647;
			files = (
				597326D528D4497500C70680 /* main.c in Sources */,
			);
			runOnlyForDeploymentPostprocessing = 0;
		};
/* End PBXSourcesBuildPhase section */

/* Begin XCBuildConfiguration section */
		59182B8628D5B6B400D0E017 /* Debug */ = {
			isa = XCBuildConfiguration;
			buildSettings = {
				CODE_SIGN_STYLE = Automatic;
				PRODUCT_NAME = "$(TARGET_NAME)";
			};
			name = Debug;
		};
		59182B8728D5B6B400D0E017 /* Release */ = {
			isa = XCBuildConfiguration;
			buildSettings = {
				CODE_SIGN_STYLE = Automatic;
				PRODUCT_NAME = "$(TARGET_NAME)";
			};
			name = Release;
		};
		597326C928D43FE400C70680 /* Debug */ = {
			isa = XCBuildConfiguration;
			buildSettings = {
				ALWAYS_SEARCH_USER_PATHS = NO;
				CLANG_ANALYZER_NONNULL = YES;
				CLANG_ANALYZER_NUMBER_OBJECT_CONVERSION = YES_AGGRESSIVE;
				CLANG_CXX_LANGUAGE_STANDARD = "gnu++17";
				CLANG_ENABLE_MODULES = YES;
				CLANG_ENABLE_OBJC_ARC = YES;
				CLANG_ENABLE_OBJC_WEAK = YES;
				CLANG_WARN_BLOCK_CAPTURE_AUTORELEASING = YES;
				CLANG_WARN_BOOL_CONVERSION = YES;
				CLANG_WARN_COMMA = YES;
				CLANG_WARN_CONSTANT_CONVERSION = YES;
				CLANG_WARN_DEPRECATED_OBJC_IMPLEMENTATIONS = YES;
				CLANG_WARN_DIRECT_OBJC_ISA_USAGE = YES_ERROR;
				CLANG_WARN_DOCUMENTATION_COMMENTS = YES;
				CLANG_WARN_EMPTY_BODY = YES;
				CLANG_WARN_ENUM_CONVERSION = YES;
				CLANG_WARN_INFINITE_RECURSION = YES;
				CLANG_WARN_INT_CONVERSION = YES;
				CLANG_WARN_NON_LITERAL_NULL_CONVERSION = YES;
				CLANG_WARN_OBJC_IMPLICIT_RETAIN_SELF = YES;
				CLANG_WARN_OBJC_LITERAL_CONVERSION = YES;
				CLANG_WARN_OBJC_ROOT_CLASS = YES_ERROR;
				CLANG_WARN_QUOTED_INCLUDE_IN_FRAMEWORK_HEADER = YES;
				CLANG_WARN_RANGE_LOOP_ANALYSIS = YES;
				CLANG_WARN_STRICT_PROTOTYPES = YES;
				CLANG_WARN_SUSPICIOUS_MOVE = YES;
				CLANG_WARN_UNGUARDED_AVAILABILITY = YES_AGGRESSIVE;
				CLANG_WARN_UNREACHABLE_CODE = YES;
				CLANG_WARN__DUPLICATE_METHOD_MATCH = YES;
				COPY_PHASE_STRIP = NO;
				DEBUG_INFORMATION_FORMAT = dwarf;
				ENABLE_STRICT_OBJC_MSGSEND = YES;
				ENABLE_TESTABILITY = YES;
				GCC_C_LANGUAGE_STANDARD = gnu11;
				GCC_DYNAMIC_NO_PIC = NO;
				GCC_NO_COMMON_BLOCKS = YES;
				GCC_OPTIMIZATION_LEVEL = 0;
				GCC_PREPROCESSOR_DEFINITIONS = (
					"DEBUG=1",
					"$(inherited)",
				);
				GCC_WARN_64_TO_32_BIT_CONVERSION = YES;
				GCC_WARN_ABOUT_RETURN_TYPE = YES_ERROR;
				GCC_WARN_UNDECLARED_SELECTOR = YES;
				GCC_WARN_UNINITIALIZED_AUTOS = YES_AGGRESSIVE;
				GCC_WARN_UNUSED_FUNCTION = YES;
				GCC_WARN_UNUSED_VARIABLE = YES;
				MACOSX_DEPLOYMENT_TARGET = 12.3;
				MTL_ENABLE_DEBUG_INFO = INCLUDE_SOURCE;
				MTL_FAST_MATH = YES;
				ONLY_ACTIVE_ARCH = YES;
				SDKROOT = macosx;
			};
			name = Debug;
		};
		597326CA28D43FE400C70680 /* Release */ = {
			isa = XCBuildConfiguration;
			buildSettings = {
				ALWAYS_SEARCH_USER_PATHS = NO;
				CLANG_ANALYZER_NONNULL = YES;
				CLANG_ANALYZER_NUMBER_OBJECT_CONVERSION = YES_AGGRESSIVE;
				CLANG_CXX_LANGUAGE_STANDARD = "gnu++17";
				CLANG_ENABLE_MODULES = YES;
				CLANG_ENABLE_OBJC_ARC = YES;
				CLANG_ENABLE_OBJC_WEAK = YES;
				CLANG_WARN_BLOCK_CAPTURE_AUTORELEASING = YES;
				CLANG_WARN_BOOL_CONVERSION = YES;
				CLANG_WARN_COMMA = YES;
				CLANG_WARN_CONSTANT_CONVERSION = YES;
				CLANG_WARN_DEPRECATED_OBJC_IMPLEMENTATIONS = YES;
				CLANG_WARN_DIRECT_OBJC_ISA_USAGE = YES_ERROR;
				CLANG_WARN_DOCUMENTATION_COMMENTS = YES;
				CLANG_WARN_EMPTY_BODY = YES;
				CLANG_WARN_ENUM_CONVERSION = YES;
				CLANG_WARN_INFINITE_RECURSION = YES;
				CLANG_WARN_INT_CONVERSION = YES;
				CLANG_WARN_NON_LITERAL_NULL_CONVERSION = YES;
				CLANG_WARN_OBJC_IMPLICIT_RETAIN_SELF = YES;
				CLANG_WARN_OBJC_LITERAL_CONVERSION = YES;
				CLANG_WARN_OBJC_ROOT_CLASS = YES_ERROR;
				CLANG_WARN_QUOTED_INCLUDE_IN_FRAMEWORK_HEADER = YES;
				CLANG_WARN_RANGE_LOOP_ANALYSIS = YES;
				CLANG_WARN_STRICT_PROTOTYPES = YES;
				CLANG_WARN_SUSPICIOUS_MOVE = YES;
				CLANG_WARN_UNGUARDED_AVAILABILITY = YES_AGGRESSIVE;
				CLANG_WARN_UNREACHABLE_CODE = YES;
				CLANG_WARN__DUPLICATE_METHOD_MATCH = YES;
				COPY_PHASE_STRIP = NO;
				DEBUG_INFORMATION_FORMAT = "dwarf-with-dsym";
				ENABLE_NS_ASSERTIONS = NO;
				ENABLE_STRICT_OBJC_MSGSEND = YES;
				GCC_C_LANGUAGE_STANDARD = gnu11;
				GCC_NO_COMMON_BLOCKS = YES;
				GCC_WARN_64_TO_32_BIT_CONVERSION = YES;
				GCC_WARN_ABOUT_RETURN_TYPE = YES_ERROR;
				GCC_WARN_UNDECLARED_SELECTOR = YES;
				GCC_WARN_UNINITIALIZED_AUTOS = YES_AGGRESSIVE;
				GCC_WARN_UNUSED_FUNCTION = YES;
				GCC_WARN_UNUSED_VARIABLE = YES;
				MACOSX_DEPLOYMENT_TARGET = 12.3;
				MTL_ENABLE_DEBUG_INFO = NO;
				MTL_FAST_MATH = YES;
				SDKROOT = macosx;
			};
			name = Release;
		};
		597326CC28D43FE400C70680 /* Debug */ = {
			isa = XCBuildConfiguration;
			buildSettings = {
				CODE_SIGN_STYLE = Automatic;
				PRODUCT_NAME = "$(TARGET_NAME)";
			};
			name = Debug;
		};
		597326CD28D43FE400C70680 /* Release */ = {
			isa = XCBuildConfiguration;
			buildSettings = {
				CODE_SIGN_STYLE = Automatic;
				PRODUCT_NAME = "$(TARGET_NAME)";
			};
			name = Release;
		};
		597326D728D4497500C70680 /* Debug */ = {
			isa = XCBuildConfiguration;
			buildSettings = {
				CODE_SIGN_STYLE = Automatic;
				PRODUCT_NAME = "$(TARGET_NAME)";
			};
			name = Debug;
		};
		597326D828D4497500C70680 /* Release */ = {
			isa = XCBuildConfiguration;
			buildSettings = {
				CODE_SIGN_STYLE = Automatic;
				PRODUCT_NAME = "$(TARGET_NAME)";
			};
			name = Release;
		};
/* End XCBuildConfiguration section */

/* Begin XCConfigurationList section */
		59182B8828D5B6B400D0E017 /* Build configuration list for PBXNativeTarget "reverseOfNumber" */ = {
			isa = XCConfigurationList;
			buildConfigurations = (
				59182B8628D5B6B400D0E017 /* Debug */,
				59182B8728D5B6B400D0E017 /* Release */,
			);
			defaultConfigurationIsVisible = 0;
			defaultConfigurationName = Release;
		};
		597326BF28D43FE400C70680 /* Build configuration list for PBXProject "DS_Questons" */ = {
			isa = XCConfigurationList;
			buildConfigurations = (
				597326C928D43FE400C70680 /* Debug */,
				597326CA28D43FE400C70680 /* Release */,
			);
			defaultConfigurationIsVisible = 0;
			defaultConfigurationName = Release;
		};
		597326CB28D43FE400C70680 /* Build configuration list for PBXNativeTarget "DS_Questons" */ = {
			isa = XCConfigurationList;
			buildConfigurations = (
				597326CC28D43FE400C70680 /* Debug */,
				597326CD28D43FE400C70680 /* Release */,
			);
			defaultConfigurationIsVisible = 0;
			defaultConfigurationName = Release;
		};
		597326D628D4497500C70680 /* Build configuration list for PBXNativeTarget "MinMaxElementInArray" */ = {
			isa = XCConfigurationList;
			buildConfigurations = (
				597326D728D4497500C70680 /* Debug */,
				597326D828D4497500C70680 /* Release */,
			);
			defaultConfigurationIsVisible = 0;
			defaultConfigurationName = Release;
		};
/* End XCConfigurationList section */
	};
	rootObject = 597326BC28D43FE400C70680 /* Project object */;
}
